{
  "name": "app",
  "version": "1.0.0",
  "lockfileVersion": 2,
  "requires": true,
  "packages": {
    "": {
      "name": "app",
      "version": "1.0.0",
      "license": "ISC",
      "dependencies": {
        "matlab": "^1.0.0"
      }
    },
    "node_modules/matlab": {
      "version": "1.0.0",
      "resolved": "https://registry.npmjs.org/matlab/-/matlab-1.0.0.tgz",
      "integrity": "sha512-kAEh4Iuogl4yofZxWjH2f5leco2q2syEqI86NwNth84sgfKYl8oovhsm2tuW7l/WOMASr8o80q5h8kV8rPEQgA=="
    }
  },
  "dependencies": {
    "matlab": {
      "version": "1.0.0",
      "resolved": "https://registry.npmjs.org/matlab/-/matlab-1.0.0.tgz",
      "integrity": "sha512-kAEh4Iuogl4yofZxWjH2f5leco2q2syEqI86NwNth84sgfKYl8oovhsm2tuW7l/WOMASr8o80q5h8kV8rPEQgA=="
    }
  }
}
